// !$*UTF8*$!
{
	archiveVersion = 1;
	classes = {
	};
	objectVersion = 50;
	objects = {

/* Begin PBXBuildFile section */
		870DE3A926B5252E0068AA11 /* SelectProduct.storyboard in Resources */ = {isa = PBXBuildFile; fileRef = 870DE3A726B5252E0068AA11 /* SelectProduct.storyboard */; };
		870DE3AC26B52E8F0068AA11 /* InputConditions.storyboard in Resources */ = {isa = PBXBuildFile; fileRef = 870DE3AB26B52E8F0068AA11 /* InputConditions.storyboard */; };
		870DE3AE26B52EA70068AA11 /* ConfirmConditions.storyboard in Resources */ = {isa = PBXBuildFile; fileRef = 870DE3AD26B52EA70068AA11 /* ConfirmConditions.storyboard */; };
		870DE3B026B52ED80068AA11 /* ConfirmOtp.storyboard in Resources */ = {isa = PBXBuildFile; fileRef = 870DE3AF26B52ED80068AA11 /* ConfirmOtp.storyboard */; };
		870DE3B226B52EFB0068AA11 /* Status.storyboard in Resources */ = {isa = PBXBuildFile; fileRef = 870DE3B126B52EFB0068AA11 /* Status.storyboard */; };
		875CEDF826B3CDF700B41A3D /* AppDelegate.swift in Sources */ = {isa = PBXBuildFile; fileRef = 875CEDF726B3CDF700B41A3D /* AppDelegate.swift */; };
		875CEDFA26B3CDF700B41A3D /* SceneDelegate.swift in Sources */ = {isa = PBXBuildFile; fileRef = 875CEDF926B3CDF700B41A3D /* SceneDelegate.swift */; };
		875CEDFF26B3CDF700B41A3D /* Main.storyboard in Resources */ = {isa = PBXBuildFile; fileRef = 875CEDFD26B3CDF700B41A3D /* Main.storyboard */; };
		875CEE0126B3CDF900B41A3D /* Assets.xcassets in Resources */ = {isa = PBXBuildFile; fileRef = 875CEE0026B3CDF900B41A3D /* Assets.xcassets */; };
		875CEE0426B3CDF900B41A3D /* LaunchScreen.storyboard in Resources */ = {isa = PBXBuildFile; fileRef = 875CEE0226B3CDF900B41A3D /* LaunchScreen.storyboard */; };
		875CEE1526B3D2F800B41A3D /* Deposit.swift in Sources */ = {isa = PBXBuildFile; fileRef = 875CEE1426B3D2F800B41A3D /* Deposit.swift */; };
		875CEE1726B4269400B41A3D /* Currency.swift in Sources */ = {isa = PBXBuildFile; fileRef = 875CEE1626B4269400B41A3D /* Currency.swift */; };
		875CEE1926B4280700B41A3D /* Type.swift in Sources */ = {isa = PBXBuildFile; fileRef = 875CEE1826B4280700B41A3D /* Type.swift */; };
		875CEE1F26B4882A00B41A3D /* SelectProducViewController.swift in Sources */ = {isa = PBXBuildFile; fileRef = 875CEE1E26B4882A00B41A3D /* SelectProducViewController.swift */; };
/* End PBXBuildFile section */

/* Begin PBXFileReference section */
		870DE3A826B5252E0068AA11 /* Base */ = {isa = PBXFileReference; lastKnownFileType = file.storyboard; name = Base; path = openDeposit/Storyboards/Base.lproj/SelectProduct.storyboard; sourceTree = "<group>"; };
		870DE3AA26B526F80068AA11 /* README.md */ = {isa = PBXFileReference; lastKnownFileType = net.daringfireball.markdown; path = README.md; sourceTree = "<group>"; };
		870DE3AB26B52E8F0068AA11 /* InputConditions.storyboard */ = {isa = PBXFileReference; lastKnownFileType = file.storyboard; path = InputConditions.storyboard; sourceTree = "<group>"; };
		870DE3AD26B52EA70068AA11 /* ConfirmConditions.storyboard */ = {isa = PBXFileReference; lastKnownFileType = file.storyboard; path = ConfirmConditions.storyboard; sourceTree = "<group>"; };
		870DE3AF26B52ED80068AA11 /* ConfirmOtp.storyboard */ = {isa = PBXFileReference; lastKnownFileType = file.storyboard; path = ConfirmOtp.storyboard; sourceTree = "<group>"; };
		870DE3B126B52EFB0068AA11 /* Status.storyboard */ = {isa = PBXFileReference; lastKnownFileType = file.storyboard; path = Status.storyboard; sourceTree = "<group>"; };
		875CEDF426B3CDF700B41A3D /* openDeposit.app */ = {isa = PBXFileReference; explicitFileType = wrapper.application; includeInIndex = 0; path = openDeposit.app; sourceTree = BUILT_PRODUCTS_DIR; };
		875CEDF726B3CDF700B41A3D /* AppDelegate.swift */ = {isa = PBXFileReference; lastKnownFileType = sourcecode.swift; path = AppDelegate.swift; sourceTree = "<group>"; };
		875CEDF926B3CDF700B41A3D /* SceneDelegate.swift */ = {isa = PBXFileReference; lastKnownFileType = sourcecode.swift; path = SceneDelegate.swift; sourceTree = "<group>"; };
		875CEDFE26B3CDF700B41A3D /* Base */ = {isa = PBXFileReference; lastKnownFileType = file.storyboard; name = Base; path = Base.lproj/Main.storyboard; sourceTree = "<group>"; };
		875CEE0026B3CDF900B41A3D /* Assets.xcassets */ = {isa = PBXFileReference; lastKnownFileType = folder.assetcatalog; path = Assets.xcassets; sourceTree = "<group>"; };
		875CEE0326B3CDF900B41A3D /* Base */ = {isa = PBXFileReference; lastKnownFileType = file.storyboard; name = Base; path = Base.lproj/LaunchScreen.storyboard; sourceTree = "<group>"; };
		875CEE0526B3CDF900B41A3D /* Info.plist */ = {isa = PBXFileReference; lastKnownFileType = text.plist.xml; path = Info.plist; sourceTree = "<group>"; };
		875CEE1426B3D2F800B41A3D /* Deposit.swift */ = {isa = PBXFileReference; lastKnownFileType = sourcecode.swift; path = Deposit.swift; sourceTree = "<group>"; };
		875CEE1626B4269400B41A3D /* Currency.swift */ = {isa = PBXFileReference; lastKnownFileType = sourcecode.swift; path = Currency.swift; sourceTree = "<group>"; };
		875CEE1826B4280700B41A3D /* Type.swift */ = {isa = PBXFileReference; lastKnownFileType = sourcecode.swift; path = Type.swift; sourceTree = "<group>"; };
		875CEE1E26B4882A00B41A3D /* SelectProducViewController.swift */ = {isa = PBXFileReference; lastKnownFileType = sourcecode.swift; path = SelectProducViewController.swift; sourceTree = "<group>"; };
/* End PBXFileReference section */

/* Begin PBXFrameworksBuildPhase section */
		875CEDF126B3CDF700B41A3D /* Frameworks */ = {
			isa = PBXFrameworksBuildPhase;
			buildActionMask = 2147483647;
			files = (
			);
			runOnlyForDeploymentPostprocessing = 0;
		};
/* End PBXFrameworksBuildPhase section */

/* Begin PBXGroup section */
		875CEDEB26B3CDF700B41A3D = {
			isa = PBXGroup;
			children = (
				870DE3AA26B526F80068AA11 /* README.md */,
				875CEDF626B3CDF700B41A3D /* openDeposit */,
				875CEDF526B3CDF700B41A3D /* Products */,
			);
			sourceTree = "<group>";
		};
		875CEDF526B3CDF700B41A3D /* Products */ = {
			isa = PBXGroup;
			children = (
				875CEDF426B3CDF700B41A3D /* openDeposit.app */,
			);
			name = Products;
			sourceTree = "<group>";
		};
		875CEDF626B3CDF700B41A3D /* openDeposit */ = {
			isa = PBXGroup;
			children = (
				875CEE0B26B3CE0000B41A3D /* Models */,
				875CEE0F26B3CE6600B41A3D /* Supporting Files */,
				875CEE0E26B3CE2D00B41A3D /* Resources */,
				875CEE0D26B3CE2100B41A3D /* Storyboards */,
				875CEE0C26B3CE1400B41A3D /* View Controllers */,
			);
			path = openDeposit;
			sourceTree = "<group>";
		};
		875CEE0B26B3CE0000B41A3D /* Models */ = {
			isa = PBXGroup;
			children = (
				875CEE1426B3D2F800B41A3D /* Deposit.swift */,
				875CEE1626B4269400B41A3D /* Currency.swift */,
				875CEE1826B4280700B41A3D /* Type.swift */,
			);
			path = Models;
			sourceTree = "<group>";
		};
		875CEE0C26B3CE1400B41A3D /* View Controllers */ = {
			isa = PBXGroup;
			children = (
				875CEE1E26B4882A00B41A3D /* SelectProducViewController.swift */,
			);
			path = "View Controllers";
			sourceTree = "<group>";
		};
		875CEE0D26B3CE2100B41A3D /* Storyboards */ = {
			isa = PBXGroup;
			children = (
				875CEE0226B3CDF900B41A3D /* LaunchScreen.storyboard */,
				875CEDFD26B3CDF700B41A3D /* Main.storyboard */,
				870DE3A726B5252E0068AA11 /* SelectProduct.storyboard */,
				870DE3AB26B52E8F0068AA11 /* InputConditions.storyboard */,
				870DE3AD26B52EA70068AA11 /* ConfirmConditions.storyboard */,
				870DE3AF26B52ED80068AA11 /* ConfirmOtp.storyboard */,
				870DE3B126B52EFB0068AA11 /* Status.storyboard */,
			);
			path = Storyboards;
			sourceTree = "<group>";
		};
		875CEE0E26B3CE2D00B41A3D /* Resources */ = {
			isa = PBXGroup;
			children = (
				875CEE0026B3CDF900B41A3D /* Assets.xcassets */,
				875CEE0526B3CDF900B41A3D /* Info.plist */,
			);
			path = Resources;
			sourceTree = "<group>";
		};
		875CEE0F26B3CE6600B41A3D /* Supporting Files */ = {
			isa = PBXGroup;
			children = (
				875CEDF726B3CDF700B41A3D /* AppDelegate.swift */,
				875CEDF926B3CDF700B41A3D /* SceneDelegate.swift */,
			);
			path = "Supporting Files";
			sourceTree = "<group>";
		};
/* End PBXGroup section */

/* Begin PBXNativeTarget section */
		875CEDF326B3CDF700B41A3D /* openDeposit */ = {
			isa = PBXNativeTarget;
			buildConfigurationList = 875CEE0826B3CDF900B41A3D /* Build configuration list for PBXNativeTarget "openDeposit" */;
			buildPhases = (
				875CEDF026B3CDF700B41A3D /* Sources */,
				875CEDF126B3CDF700B41A3D /* Frameworks */,
				875CEDF226B3CDF700B41A3D /* Resources */,
			);
			buildRules = (
			);
			dependencies = (
			);
			name = openDeposit;
			productName = openDeposit;
			productReference = 875CEDF426B3CDF700B41A3D /* openDeposit.app */;
			productType = "com.apple.product-type.application";
		};
/* End PBXNativeTarget section */

/* Begin PBXProject section */
		875CEDEC26B3CDF700B41A3D /* Project object */ = {
			isa = PBXProject;
			attributes = {
				LastSwiftUpdateCheck = 1250;
				LastUpgradeCheck = 1250;
				TargetAttributes = {
					875CEDF326B3CDF700B41A3D = {
						CreatedOnToolsVersion = 12.5.1;
					};
				};
			};
			buildConfigurationList = 875CEDEF26B3CDF700B41A3D /* Build configuration list for PBXProject "openDeposit" */;
			compatibilityVersion = "Xcode 9.3";
			developmentRegion = en;
			hasScannedForEncodings = 0;
			knownRegions = (
				en,
				Base,
			);
			mainGroup = 875CEDEB26B3CDF700B41A3D;
			productRefGroup = 875CEDF526B3CDF700B41A3D /* Products */;
			projectDirPath = "";
			projectRoot = "";
			targets = (
				875CEDF326B3CDF700B41A3D /* openDeposit */,
			);
		};
/* End PBXProject section */

/* Begin PBXResourcesBuildPhase section */
		875CEDF226B3CDF700B41A3D /* Resources */ = {
			isa = PBXResourcesBuildPhase;
			buildActionMask = 2147483647;
			files = (
				870DE3B026B52ED80068AA11 /* ConfirmOtp.storyboard in Resources */,
				870DE3A926B5252E0068AA11 /* SelectProduct.storyboard in Resources */,
				870DE3AE26B52EA70068AA11 /* ConfirmConditions.storyboard in Resources */,
				870DE3AC26B52E8F0068AA11 /* InputConditions.storyboard in Resources */,
				870DE3B226B52EFB0068AA11 /* Status.storyboard in Resources */,
				875CEE0426B3CDF900B41A3D /* LaunchScreen.storyboard in Resources */,
				875CEE0126B3CDF900B41A3D /* Assets.xcassets in Resources */,
				875CEDFF26B3CDF700B41A3D /* Main.storyboard in Resources */,
			);
			runOnlyForDeploymentPostprocessing = 0;
		};
/* End PBXResourcesBuildPhase section */

/* Begin PBXSourcesBuildPhase section */
		875CEDF026B3CDF700B41A3D /* Sources */ = {
			isa = PBXSourcesBuildPhase;
			buildActionMask = 2147483647;
			files = (
				875CEDF826B3CDF700B41A3D /* AppDelegate.swift in Sources */,
				875CEDFA26B3CDF700B41A3D /* SceneDelegate.swift in Sources */,
				875CEE1726B4269400B41A3D /* Currency.swift in Sources */,
				875CEE1F26B4882A00B41A3D /* SelectProducViewController.swift in Sources */,
				875CEE1526B3D2F800B41A3D /* Deposit.swift in Sources */,
				875CEE1926B4280700B41A3D /* Type.swift in Sources */,
			);
			runOnlyForDeploymentPostprocessing = 0;
		};
/* End PBXSourcesBuildPhase section */

/* Begin PBXVariantGroup section */
		870DE3A726B5252E0068AA11 /* SelectProduct.storyboard */ = {
			isa = PBXVariantGroup;
			children = (
				870DE3A826B5252E0068AA11 /* Base */,
			);
			name = SelectProduct.storyboard;
			sourceTree = "<group>";
		};
		875CEDFD26B3CDF700B41A3D /* Main.storyboard */ = {
			isa = PBXVariantGroup;
			children = (
				875CEDFE26B3CDF700B41A3D /* Base */,
			);
			name = Main.storyboard;
			sourceTree = "<group>";
		};
		875CEE0226B3CDF900B41A3D /* LaunchScreen.storyboard */ = {
			isa = PBXVariantGroup;
			children = (
				875CEE0326B3CDF900B41A3D /* Base */,
			);
			name = LaunchScreen.storyboard;
			sourceTree = "<group>";
		};
/* End PBXVariantGroup section */

/* Begin XCBuildConfiguration section */
		875CEE0626B3CDF900B41A3D /* Debug */ = {
			isa = XCBuildConfiguration;
			buildSettings = {
				ALWAYS_SEARCH_USER_PATHS = NO;
				CLANG_ANALYZER_NONNULL = YES;
				CLANG_ANALYZER_NUMBER_OBJECT_CONVERSION = YES_AGGRESSIVE;
				CLANG_CXX_LANGUAGE_STANDARD = "gnu++14";
				CLANG_CXX_LIBRARY = "libc++";
				CLANG_ENABLE_MODULES = YES;
				CLANG_ENABLE_OBJC_ARC = YES;
				CLANG_ENABLE_OBJC_WEAK = YES;
				CLANG_WARN_BLOCK_CAPTURE_AUTORELEASING = YES;
				CLANG_WARN_BOOL_CONVERSION = YES;
				CLANG_WARN_COMMA = YES;
				CLANG_WARN_CONSTANT_CONVERSION = YES;
				CLANG_WARN_DEPRECATED_OBJC_IMPLEMENTATIONS = YES;
				CLANG_WARN_DIRECT_OBJC_ISA_USAGE = YES_ERROR;
				CLANG_WARN_DOCUMENTATION_COMMENTS = YES;
				CLANG_WARN_EMPTY_BODY = YES;
				CLANG_WARN_ENUM_CONVERSION = YES;
				CLANG_WARN_INFINITE_RECURSION = YES;
				CLANG_WARN_INT_CONVERSION = YES;
				CLANG_WARN_NON_LITERAL_NULL_CONVERSION = YES;
				CLANG_WARN_OBJC_IMPLICIT_RETAIN_SELF = YES;
				CLANG_WARN_OBJC_LITERAL_CONVERSION = YES;
				CLANG_WARN_OBJC_ROOT_CLASS = YES_ERROR;
				CLANG_WARN_QUOTED_INCLUDE_IN_FRAMEWORK_HEADER = YES;
				CLANG_WARN_RANGE_LOOP_ANALYSIS = YES;
				CLANG_WARN_STRICT_PROTOTYPES = YES;
				CLANG_WARN_SUSPICIOUS_MOVE = YES;
				CLANG_WARN_UNGUARDED_AVAILABILITY = YES_AGGRESSIVE;
				CLANG_WARN_UNREACHABLE_CODE = YES;
				CLANG_WARN__DUPLICATE_METHOD_MATCH = YES;
				COPY_PHASE_STRIP = NO;
				DEBUG_INFORMATION_FORMAT = dwarf;
				ENABLE_STRICT_OBJC_MSGSEND = YES;
				ENABLE_TESTABILITY = YES;
				GCC_C_LANGUAGE_STANDARD = gnu11;
				GCC_DYNAMIC_NO_PIC = NO;
				GCC_NO_COMMON_BLOCKS = YES;
				GCC_OPTIMIZATION_LEVEL = 0;
				GCC_PREPROCESSOR_DEFINITIONS = (
					"DEBUG=1",
					"$(inherited)",
				);
				GCC_WARN_64_TO_32_BIT_CONVERSION = YES;
				GCC_WARN_ABOUT_RETURN_TYPE = YES_ERROR;
				GCC_WARN_UNDECLARED_SELECTOR = YES;
				GCC_WARN_UNINITIALIZED_AUTOS = YES_AGGRESSIVE;
				GCC_WARN_UNUSED_FUNCTION = YES;
				GCC_WARN_UNUSED_VARIABLE = YES;
				IPHONEOS_DEPLOYMENT_TARGET = 14.5;
				MTL_ENABLE_DEBUG_INFO = INCLUDE_SOURCE;
				MTL_FAST_MATH = YES;
				ONLY_ACTIVE_ARCH = YES;
				SDKROOT = iphoneos;
				SWIFT_ACTIVE_COMPILATION_CONDITIONS = DEBUG;
				SWIFT_OPTIMIZATION_LEVEL = "-Onone";
			};
			name = Debug;
		};
		875CEE0726B3CDF900B41A3D /* Release */ = {
			isa = XCBuildConfiguration;
			buildSettings = {
				ALWAYS_SEARCH_USER_PATHS = NO;
				CLANG_ANALYZER_NONNULL = YES;
				CLANG_ANALYZER_NUMBER_OBJECT_CONVERSION = YES_AGGRESSIVE;
				CLANG_CXX_LANGUAGE_STANDARD = "gnu++14";
				CLANG_CXX_LIBRARY = "libc++";
				CLANG_ENABLE_MODULES = YES;
				CLANG_ENABLE_OBJC_ARC = YES;
				CLANG_ENABLE_OBJC_WEAK = YES;
				CLANG_WARN_BLOCK_CAPTURE_AUTORELEASING = YES;
				CLANG_WARN_BOOL_CONVERSION = YES;
				CLANG_WARN_COMMA = YES;
				CLANG_WARN_CONSTANT_CONVERSION = YES;
				CLANG_WARN_DEPRECATED_OBJC_IMPLEMENTATIONS = YES;
				CLANG_WARN_DIRECT_OBJC_ISA_USAGE = YES_ERROR;
				CLANG_WARN_DOCUMENTATION_COMMENTS = YES;
				CLANG_WARN_EMPTY_BODY = YES;
				CLANG_WARN_ENUM_CONVERSION = YES;
				CLANG_WARN_INFINITE_RECURSION = YES;
				CLANG_WARN_INT_CONVERSION = YES;
				CLANG_WARN_NON_LITERAL_NULL_CONVERSION = YES;
				CLANG_WARN_OBJC_IMPLICIT_RETAIN_SELF = YES;
				CLANG_WARN_OBJC_LITERAL_CONVERSION = YES;
				CLANG_WARN_OBJC_ROOT_CLASS = YES_ERROR;
				CLANG_WARN_QUOTED_INCLUDE_IN_FRAMEWORK_HEADER = YES;
				CLANG_WARN_RANGE_LOOP_ANALYSIS = YES;
				CLANG_WARN_STRICT_PROTOTYPES = YES;
				CLANG_WARN_SUSPICIOUS_MOVE = YES;
				CLANG_WARN_UNGUARDED_AVAILABILITY = YES_AGGRESSIVE;
				CLANG_WARN_UNREACHABLE_CODE = YES;
				CLANG_WARN__DUPLICATE_METHOD_MATCH = YES;
				COPY_PHASE_STRIP = NO;
				DEBUG_INFORMATION_FORMAT = "dwarf-with-dsym";
				ENABLE_NS_ASSERTIONS = NO;
				ENABLE_STRICT_OBJC_MSGSEND = YES;
				GCC_C_LANGUAGE_STANDARD = gnu11;
				GCC_NO_COMMON_BLOCKS = YES;
				GCC_WARN_64_TO_32_BIT_CONVERSION = YES;
				GCC_WARN_ABOUT_RETURN_TYPE = YES_ERROR;
				GCC_WARN_UNDECLARED_SELECTOR = YES;
				GCC_WARN_UNINITIALIZED_AUTOS = YES_AGGRESSIVE;
				GCC_WARN_UNUSED_FUNCTION = YES;
				GCC_WARN_UNUSED_VARIABLE = YES;
				IPHONEOS_DEPLOYMENT_TARGET = 14.5;
				MTL_ENABLE_DEBUG_INFO = NO;
				MTL_FAST_MATH = YES;
				SDKROOT = iphoneos;
				SWIFT_COMPILATION_MODE = wholemodule;
				SWIFT_OPTIMIZATION_LEVEL = "-O";
				VALIDATE_PRODUCT = YES;
			};
			name = Release;
		};
		875CEE0926B3CDF900B41A3D /* Debug */ = {
			isa = XCBuildConfiguration;
			buildSettings = {
				ASSETCATALOG_COMPILER_APPICON_NAME = AppIcon;
				ASSETCATALOG_COMPILER_GLOBAL_ACCENT_COLOR_NAME = AccentColor;
				CODE_SIGN_STYLE = Automatic;
				INFOPLIST_FILE = openDeposit/Resources/Info.plist;
				LD_RUNPATH_SEARCH_PATHS = (
					"$(inherited)",
					"@executable_path/Frameworks",
				);
				PRODUCT_BUNDLE_IDENTIFIER = manosov14.openDeposit;
				PRODUCT_NAME = "$(TARGET_NAME)";
				SWIFT_VERSION = 5.0;
				TARGETED_DEVICE_FAMILY = "1,2";
			};
			name = Debug;
		};
		875CEE0A26B3CDF900B41A3D /* Release */ = {
			isa = XCBuildConfiguration;
			buildSettings = {
				ASSETCATALOG_COMPILER_APPICON_NAME = AppIcon;
				ASSETCATALOG_COMPILER_GLOBAL_ACCENT_COLOR_NAME = AccentColor;
				CODE_SIGN_STYLE = Automatic;
				INFOPLIST_FILE = openDeposit/Resources/Info.plist;
				LD_RUNPATH_SEARCH_PATHS = (
					"$(inherited)",
					"@executable_path/Frameworks",
				);
				PRODUCT_BUNDLE_IDENTIFIER = manosov14.openDeposit;
				PRODUCT_NAME = "$(TARGET_NAME)";
				SWIFT_VERSION = 5.0;
				TARGETED_DEVICE_FAMILY = "1,2";
			};
			name = Release;
		};
/* End XCBuildConfiguration section */

/* Begin XCConfigurationList section */
		875CEDEF26B3CDF700B41A3D /* Build configuration list for PBXProject "openDeposit" */ = {
			isa = XCConfigurationList;
			buildConfigurations = (
				875CEE0626B3CDF900B41A3D /* Debug */,
				875CEE0726B3CDF900B41A3D /* Release */,
			);
			defaultConfigurationIsVisible = 0;
			defaultConfigurationName = Release;
		};
		875CEE0826B3CDF900B41A3D /* Build configuration list for PBXNativeTarget "openDeposit" */ = {
			isa = XCConfigurationList;
			buildConfigurations = (
				875CEE0926B3CDF900B41A3D /* Debug */,
				875CEE0A26B3CDF900B41A3D /* Release */,
			);
			defaultConfigurationIsVisible = 0;
			defaultConfigurationName = Release;
		};
/* End XCConfigurationList section */
	};
	rootObject = 875CEDEC26B3CDF700B41A3D /* Project object */;
}
